
Microsoft Visual Studio Solution File, Format Version 12.00
# Visual Studio 15
VisualStudioVersion = 15.0.28307.902
MinimumVisualStudioVersion = 10.0.40219.1
Project("{8BC9CEB8-8B4A-11D0-8D11-00A0C91BC942}") = "Library-for-working-with-large-numbers", "Library-for-working-with-large-numbers\Library-for-working-with-large-numbers.vcxproj", "{4C139951-7266-41B9-9E63-9385FEA733F9}"
EndProject
Global
	GlobalSection(SolutionConfigurationPlatforms) = preSolution
		Debug|x64 = Debug|x64
		Debug|x86 = Debug|x86
		Release|x64 = Release|x64
		Release|x86 = Release|x86
	EndGlobalSection
	GlobalSection(ProjectConfigurationPlatforms) = postSolution
		{4C139951-7266-41B9-9E63-9385FEA733F9}.Debug|x64.ActiveCfg = Debug|x64
		{4C139951-7266-41B9-9E63-9385FEA733F9}.Debug|x64.Build.0 = Debug|x64
		{4C139951-7266-41B9-9E63-9385FEA733F9}.Debug|x86.ActiveCfg = Debug|Win32
		{4C139951-7266-41B9-9E63-9385FEA733F9}.Debug|x86.Build.0 = Debug|Win32
		{4C139951-7266-41B9-9E63-9385FEA733F9}.Release|x64.ActiveCfg = Release|x64
		{4C139951-7266-41B9-9E63-9385FEA733F9}.Release|x64.Build.0 = Release|x64
		{4C139951-7266-41B9-9E63-9385FEA733F9}.Release|x86.ActiveCfg = Release|Win32
		{4C139951-7266-41B9-9E63-9385FEA733F9}.Release|x86.Build.0 = Release|Win32
	EndGlobalSection
	GlobalSection(SolutionProperties) = preSolution
		HideSolutionNode = FALSE
	EndGlobalSection
	GlobalSection(ExtensibilityGlobals) = postSolution
		SolutionGuid = {5C7B714A-0717-4BF2-AF54-E43A7D722A34}
	EndGlobalSection
EndGlobal
